
Microsoft Visual Studio Solution File, Format Version 12.00
# Visual Studio Version 17
VisualStudioVersion = 17.8.34525.116
MinimumVisualStudioVersion = 10.0.40219.1
Project("{FAE04EC0-301F-11D3-BF4B-00C04F79EFBC}") = "newton", "newton\newton.csproj", "{FD713564-5CC1-4DED-847C-5672E72029D2}"
EndProject
Global
	GlobalSection(SolutionConfigurationPlatforms) = preSolution
		Debug|Any CPU = Debug|Any CPU
		Release|Any CPU = Release|Any CPU
	EndGlobalSection
	GlobalSection(ProjectConfigurationPlatforms) = postSolution
		{FD713564-5CC1-4DED-847C-5672E72029D2}.Debug|Any CPU.ActiveCfg = Debug|Any CPU
		{FD713564-5CC1-4DED-847C-5672E72029D2}.Debug|Any CPU.Build.0 = Debug|Any CPU
		{FD713564-5CC1-4DED-847C-5672E72029D2}.Release|Any CPU.ActiveCfg = Release|Any CPU
		{FD713564-5CC1-4DED-847C-5672E72029D2}.Release|Any CPU.Build.0 = Release|Any CPU
	EndGlobalSection
	GlobalSection(SolutionProperties) = preSolution
		HideSolutionNode = FALSE
	EndGlobalSection
	GlobalSection(ExtensibilityGlobals) = postSolution
		SolutionGuid = {2A624517-6D6F-486D-A559-D33C192E1C36}
	EndGlobalSection
EndGlobal
